
Microsoft Visual Studio Solution File, Format Version 12.00
# Visual Studio Version 17
VisualStudioVersion = 17.9.34622.214
MinimumVisualStudioVersion = 10.0.40219.1
Project("{888888A0-9F3D-457C-B088-3A5042F75D52}") = "Photo_to_Cartoon", "Photo_to_Cartoon\Photo_to_Cartoon.pyproj", "{288E7E70-4688-4E33-9868-F630B87BA6EA}"
EndProject
Global
	GlobalSection(SolutionConfigurationPlatforms) = preSolution
		Debug|Any CPU = Debug|Any CPU
		Release|Any CPU = Release|Any CPU
	EndGlobalSection
	GlobalSection(ProjectConfigurationPlatforms) = postSolution
		{288E7E70-4688-4E33-9868-F630B87BA6EA}.Debug|Any CPU.ActiveCfg = Debug|Any CPU
		{288E7E70-4688-4E33-9868-F630B87BA6EA}.Release|Any CPU.ActiveCfg = Release|Any CPU
	EndGlobalSection
	GlobalSection(SolutionProperties) = preSolution
		HideSolutionNode = FALSE
	EndGlobalSection
	GlobalSection(ExtensibilityGlobals) = postSolution
		SolutionGuid = {653BA0E4-26EE-48E2-8D3E-DD6AA1EEC91C}
	EndGlobalSection
EndGlobal
